
Microsoft Visual Studio Solution File, Format Version 12.00
# Visual Studio 15
VisualStudioVersion = 15.0.27130.2024
MinimumVisualStudioVersion = 10.0.40219.1
Project("{9A19103F-16F7-4668-BE54-9A1E7A4F7556}") = "bokeSite", "bokeSite.csproj", "{7B4E51E3-7546-4F97-8589-317D7918C356}"
EndProject
Global
	GlobalSection(SolutionConfigurationPlatforms) = preSolution
		Debug|Any CPU = Debug|Any CPU
		Release|Any CPU = Release|Any CPU
	EndGlobalSection
	GlobalSection(ProjectConfigurationPlatforms) = postSolution
		{7B4E51E3-7546-4F97-8589-317D7918C356}.Debug|Any CPU.ActiveCfg = Debug|Any CPU
		{7B4E51E3-7546-4F97-8589-317D7918C356}.Debug|Any CPU.Build.0 = Debug|Any CPU
		{7B4E51E3-7546-4F97-8589-317D7918C356}.Release|Any CPU.ActiveCfg = Release|Any CPU
		{7B4E51E3-7546-4F97-8589-317D7918C356}.Release|Any CPU.Build.0 = Release|Any CPU
	EndGlobalSection
	GlobalSection(SolutionProperties) = preSolution
		HideSolutionNode = FALSE
	EndGlobalSection
	GlobalSection(ExtensibilityGlobals) = postSolution
		SolutionGuid = {A3325100-34D7-4494-AC48-3D37F2B7DD9B}
	EndGlobalSection
EndGlobal
